
Microsoft Visual Studio Solution File, Format Version 12.00
# Visual Studio 14
VisualStudioVersion = 14.0.25420.1
MinimumVisualStudioVersion = 10.0.40219.1
Project("{FAE04EC0-301F-11D3-BF4B-00C04F79EFBC}") = "Canducci.DocumentDB", "Canducci.DocumentDB\Canducci.DocumentDB.csproj", "{53A15BAA-318E-4DC0-A3BA-9264F46FED7C}"
EndProject
Project("{FAE04EC0-301F-11D3-BF4B-00C04F79EFBC}") = "Canducci.ConsoleApp", "Canducci.ConsoleApp\Canducci.ConsoleApp.csproj", "{4CEB03EB-70F5-4EA8-8794-A6EF4FB40494}"
EndProject
Project("{FAE04EC0-301F-11D3-BF4B-00C04F79EFBC}") = "Canducci.Web", "Canducci.Web\Canducci.Web.csproj", "{1C21558D-FA8B-4BB5-9EAF-2D2E5F884173}"
EndProject
Project("{FAE04EC0-301F-11D3-BF4B-00C04F79EFBC}") = "Canducci.DocumentDB451", "Canducci.DocumentDB451\Canducci.DocumentDB451.csproj", "{35E5F6AC-BF84-4BEE-B25D-B5D25533F4EF}"
EndProject
Project("{FAE04EC0-301F-11D3-BF4B-00C04F79EFBC}") = "Canducci.DocumentDB452", "Canducci.DocumentDB452\Canducci.DocumentDB452.csproj", "{9ED79E16-F243-4216-BD33-633D46B81F41}"
EndProject
Project("{FAE04EC0-301F-11D3-BF4B-00C04F79EFBC}") = "Canducci.DocumentDB46", "Canducci.DocumentDB46\Canducci.DocumentDB46.csproj", "{09078984-18EA-4499-91A6-3721DB99F1AA}"
EndProject
Project("{FAE04EC0-301F-11D3-BF4B-00C04F79EFBC}") = "Canducci.DocumentDB461", "Canducci.DocumentDB461\Canducci.DocumentDB461.csproj", "{A23B2673-4F8E-433D-8BCA-F24ABF6FC321}"
EndProject
Project("{2150E333-8FDC-42A3-9474-1A3956D46DE8}") = "Solution Items", "Solution Items", "{5108C84F-E038-459C-8742-06F65194B5F9}"
	ProjectSection(SolutionItems) = preProject
		README.md = README.md
	EndProjectSection
EndProject
Project("{8BB2217D-0F2D-49D1-97BC-3654ED321F3B}") = "Canducci.DocumentDBCore", "Canducci.DocumentDBCore\Canducci.DocumentDBCore.xproj", "{E415A05F-6EE0-49E3-9BE9-49CED710BFB9}"
EndProject
Project("{8BB2217D-0F2D-49D1-97BC-3654ED321F3B}") = "Canducci.WebCore", "Canducci.WebCore\Canducci.WebCore.xproj", "{D66E2B98-8401-4432-8DC2-377454922017}"
EndProject
Global
	GlobalSection(SolutionConfigurationPlatforms) = preSolution
		Debug|Any CPU = Debug|Any CPU
		Release|Any CPU = Release|Any CPU
	EndGlobalSection
	GlobalSection(ProjectConfigurationPlatforms) = postSolution
		{53A15BAA-318E-4DC0-A3BA-9264F46FED7C}.Debug|Any CPU.ActiveCfg = Debug|Any CPU
		{53A15BAA-318E-4DC0-A3BA-9264F46FED7C}.Debug|Any CPU.Build.0 = Debug|Any CPU
		{53A15BAA-318E-4DC0-A3BA-9264F46FED7C}.Release|Any CPU.ActiveCfg = Release|Any CPU
		{53A15BAA-318E-4DC0-A3BA-9264F46FED7C}.Release|Any CPU.Build.0 = Release|Any CPU
		{4CEB03EB-70F5-4EA8-8794-A6EF4FB40494}.Debug|Any CPU.ActiveCfg = Debug|Any CPU
		{4CEB03EB-70F5-4EA8-8794-A6EF4FB40494}.Debug|Any CPU.Build.0 = Debug|Any CPU
		{4CEB03EB-70F5-4EA8-8794-A6EF4FB40494}.Release|Any CPU.ActiveCfg = Release|Any CPU
		{4CEB03EB-70F5-4EA8-8794-A6EF4FB40494}.Release|Any CPU.Build.0 = Release|Any CPU
		{1C21558D-FA8B-4BB5-9EAF-2D2E5F884173}.Debug|Any CPU.ActiveCfg = Debug|Any CPU
		{1C21558D-FA8B-4BB5-9EAF-2D2E5F884173}.Debug|Any CPU.Build.0 = Debug|Any CPU
		{1C21558D-FA8B-4BB5-9EAF-2D2E5F884173}.Release|Any CPU.ActiveCfg = Release|Any CPU
		{1C21558D-FA8B-4BB5-9EAF-2D2E5F884173}.Release|Any CPU.Build.0 = Release|Any CPU
		{35E5F6AC-BF84-4BEE-B25D-B5D25533F4EF}.Debug|Any CPU.ActiveCfg = Debug|Any CPU
		{35E5F6AC-BF84-4BEE-B25D-B5D25533F4EF}.Debug|Any CPU.Build.0 = Debug|Any CPU
		{35E5F6AC-BF84-4BEE-B25D-B5D25533F4EF}.Release|Any CPU.ActiveCfg = Release|Any CPU
		{35E5F6AC-BF84-4BEE-B25D-B5D25533F4EF}.Release|Any CPU.Build.0 = Release|Any CPU
		{9ED79E16-F243-4216-BD33-633D46B81F41}.Debug|Any CPU.ActiveCfg = Debug|Any CPU
		{9ED79E16-F243-4216-BD33-633D46B81F41}.Debug|Any CPU.Build.0 = Debug|Any CPU
		{9ED79E16-F243-4216-BD33-633D46B81F41}.Release|Any CPU.ActiveCfg = Release|Any CPU
		{9ED79E16-F243-4216-BD33-633D46B81F41}.Release|Any CPU.Build.0 = Release|Any CPU
		{09078984-18EA-4499-91A6-3721DB99F1AA}.Debug|Any CPU.ActiveCfg = Debug|Any CPU
		{09078984-18EA-4499-91A6-3721DB99F1AA}.Debug|Any CPU.Build.0 = Debug|Any CPU
		{09078984-18EA-4499-91A6-3721DB99F1AA}.Release|Any CPU.ActiveCfg = Release|Any CPU
		{09078984-18EA-4499-91A6-3721DB99F1AA}.Release|Any CPU.Build.0 = Release|Any CPU
		{A23B2673-4F8E-433D-8BCA-F24ABF6FC321}.Debug|Any CPU.ActiveCfg = Debug|Any CPU
		{A23B2673-4F8E-433D-8BCA-F24ABF6FC321}.Debug|Any CPU.Build.0 = Debug|Any CPU
		{A23B2673-4F8E-433D-8BCA-F24ABF6FC321}.Release|Any CPU.ActiveCfg = Release|Any CPU
		{A23B2673-4F8E-433D-8BCA-F24ABF6FC321}.Release|Any CPU.Build.0 = Release|Any CPU
		{E415A05F-6EE0-49E3-9BE9-49CED710BFB9}.Debug|Any CPU.ActiveCfg = Debug|Any CPU
		{E415A05F-6EE0-49E3-9BE9-49CED710BFB9}.Debug|Any CPU.Build.0 = Debug|Any CPU
		{E415A05F-6EE0-49E3-9BE9-49CED710BFB9}.Release|Any CPU.ActiveCfg = Release|Any CPU
		{E415A05F-6EE0-49E3-9BE9-49CED710BFB9}.Release|Any CPU.Build.0 = Release|Any CPU
		{D66E2B98-8401-4432-8DC2-377454922017}.Debug|Any CPU.ActiveCfg = Debug|Any CPU
		{D66E2B98-8401-4432-8DC2-377454922017}.Debug|Any CPU.Build.0 = Debug|Any CPU
		{D66E2B98-8401-4432-8DC2-377454922017}.Release|Any CPU.ActiveCfg = Release|Any CPU
		{D66E2B98-8401-4432-8DC2-377454922017}.Release|Any CPU.Build.0 = Release|Any CPU
	EndGlobalSection
	GlobalSection(SolutionProperties) = preSolution
		HideSolutionNode = FALSE
	EndGlobalSection
EndGlobal
